
Microsoft Visual Studio Solution File, Format Version 12.00
# Visual Studio Version 17
VisualStudioVersion = 17.2.32616.157
MinimumVisualStudioVersion = 10.0.40219.1
Project("{FAE04EC0-301F-11D3-BF4B-00C04F79EFBC}") = "API", "API\API.csproj", "{36DE78DF-27DD-421B-8828-B8BB69385D41}"
EndProject
Global
	GlobalSection(SolutionConfigurationPlatforms) = preSolution
		Debug|Any CPU = Debug|Any CPU
		Release|Any CPU = Release|Any CPU
	EndGlobalSection
	GlobalSection(ProjectConfigurationPlatforms) = postSolution
		{36DE78DF-27DD-421B-8828-B8BB69385D41}.Debug|Any CPU.ActiveCfg = Debug|Any CPU
		{36DE78DF-27DD-421B-8828-B8BB69385D41}.Debug|Any CPU.Build.0 = Debug|Any CPU
		{36DE78DF-27DD-421B-8828-B8BB69385D41}.Release|Any CPU.ActiveCfg = Release|Any CPU
		{36DE78DF-27DD-421B-8828-B8BB69385D41}.Release|Any CPU.Build.0 = Release|Any CPU
	EndGlobalSection
	GlobalSection(SolutionProperties) = preSolution
		HideSolutionNode = FALSE
	EndGlobalSection
	GlobalSection(ExtensibilityGlobals) = postSolution
		SolutionGuid = {D63C165A-DB7C-4900-827D-D6376DA2CE58}
	EndGlobalSection
EndGlobal
